// !$*UTF8*$!
{
	archiveVersion = 1;
	classes = {
	};
	objectVersion = 56;
	objects = {

/* Begin PBXBuildFile section */
		080861252B677BBC00EB6EB7 /* TrackCard.swift in Sources */ = {isa = PBXBuildFile; fileRef = 080861242B677BBC00EB6EB7 /* TrackCard.swift */; };
		08CF20B82B673DC20053E7D2 /* SpotifyWrapperApp.swift in Sources */ = {isa = PBXBuildFile; fileRef = 08CF20B72B673DC20053E7D2 /* SpotifyWrapperApp.swift */; };
		08CF20BC2B673DC30053E7D2 /* Assets.xcassets in Resources */ = {isa = PBXBuildFile; fileRef = 08CF20BB2B673DC30053E7D2 /* Assets.xcassets */; };
		08CF20BF2B673DC30053E7D2 /* Preview Assets.xcassets in Resources */ = {isa = PBXBuildFile; fileRef = 08CF20BE2B673DC30053E7D2 /* Preview Assets.xcassets */; };
		08CF20C72B673E160053E7D2 /* SpotifyAPI in Frameworks */ = {isa = PBXBuildFile; productRef = 08CF20C62B673E160053E7D2 /* SpotifyAPI */; };
		08CF20CD2B673F340053E7D2 /* Spotify.swift in Sources */ = {isa = PBXBuildFile; fileRef = 08CF20CA2B673F340053E7D2 /* Spotify.swift */; };
		08CF20CE2B673F340053E7D2 /* LoginView.swift in Sources */ = {isa = PBXBuildFile; fileRef = 08CF20CB2B673F340053E7D2 /* LoginView.swift */; };
		08CF20CF2B673F340053E7D2 /* RootView.swift in Sources */ = {isa = PBXBuildFile; fileRef = 08CF20CC2B673F340053E7D2 /* RootView.swift */; };
		08CF20D12B673F390053E7D2 /* AlertItem.swift in Sources */ = {isa = PBXBuildFile; fileRef = 08CF20D02B673F390053E7D2 /* AlertItem.swift */; };
		08CF20D42B673FA20053E7D2 /* KeychainAccess in Frameworks */ = {isa = PBXBuildFile; productRef = 08CF20D32B673FA20053E7D2 /* KeychainAccess */; };
/* End PBXBuildFile section */

/* Begin PBXFileReference section */
		080861212B6753B200EB6EB7 /* Info.plist */ = {isa = PBXFileReference; lastKnownFileType = text.plist; path = Info.plist; sourceTree = "<group>"; };
		080861242B677BBC00EB6EB7 /* TrackCard.swift */ = {isa = PBXFileReference; lastKnownFileType = sourcecode.swift; path = TrackCard.swift; sourceTree = "<group>"; };
		08CF20B42B673DC20053E7D2 /* SpotifyWrapper.app */ = {isa = PBXFileReference; explicitFileType = wrapper.application; includeInIndex = 0; path = SpotifyWrapper.app; sourceTree = BUILT_PRODUCTS_DIR; };
		08CF20B72B673DC20053E7D2 /* SpotifyWrapperApp.swift */ = {isa = PBXFileReference; lastKnownFileType = sourcecode.swift; path = SpotifyWrapperApp.swift; sourceTree = "<group>"; };
		08CF20BB2B673DC30053E7D2 /* Assets.xcassets */ = {isa = PBXFileReference; lastKnownFileType = folder.assetcatalog; path = Assets.xcassets; sourceTree = "<group>"; };
		08CF20BE2B673DC30053E7D2 /* Preview Assets.xcassets */ = {isa = PBXFileReference; lastKnownFileType = folder.assetcatalog; path = "Preview Assets.xcassets"; sourceTree = "<group>"; };
		08CF20CA2B673F340053E7D2 /* Spotify.swift */ = {isa = PBXFileReference; fileEncoding = 4; lastKnownFileType = sourcecode.swift; path = Spotify.swift; sourceTree = "<group>"; };
		08CF20CB2B673F340053E7D2 /* LoginView.swift */ = {isa = PBXFileReference; fileEncoding = 4; lastKnownFileType = sourcecode.swift; path = LoginView.swift; sourceTree = "<group>"; };
		08CF20CC2B673F340053E7D2 /* RootView.swift */ = {isa = PBXFileReference; fileEncoding = 4; lastKnownFileType = sourcecode.swift; path = RootView.swift; sourceTree = "<group>"; };
		08CF20D02B673F390053E7D2 /* AlertItem.swift */ = {isa = PBXFileReference; fileEncoding = 4; lastKnownFileType = sourcecode.swift; path = AlertItem.swift; sourceTree = "<group>"; };
/* End PBXFileReference section */

/* Begin PBXFrameworksBuildPhase section */
		08CF20B12B673DC20053E7D2 /* Frameworks */ = {
			isa = PBXFrameworksBuildPhase;
			buildActionMask = 2147483647;
			files = (
				08CF20D42B673FA20053E7D2 /* KeychainAccess in Frameworks */,
				08CF20C72B673E160053E7D2 /* SpotifyAPI in Frameworks */,
			);
			runOnlyForDeploymentPostprocessing = 0;
		};
/* End PBXFrameworksBuildPhase section */

/* Begin PBXGroup section */
		080861222B6758DF00EB6EB7 /* Models */ = {
			isa = PBXGroup;
			children = (
				08CF20D02B673F390053E7D2 /* AlertItem.swift */,
				08CF20CA2B673F340053E7D2 /* Spotify.swift */,
			);
			path = Models;
			sourceTree = "<group>";
		};
		080861232B6758F400EB6EB7 /* Views */ = {
			isa = PBXGroup;
			children = (
				08CF20CB2B673F340053E7D2 /* LoginView.swift */,
				08CF20CC2B673F340053E7D2 /* RootView.swift */,
				080861242B677BBC00EB6EB7 /* TrackCard.swift */,
			);
			path = Views;
			sourceTree = "<group>";
		};
		08CF20AB2B673DC20053E7D2 = {
			isa = PBXGroup;
			children = (
				08CF20B62B673DC20053E7D2 /* SpotifyWrapper */,
				08CF20B52B673DC20053E7D2 /* Products */,
			);
			sourceTree = "<group>";
		};
		08CF20B52B673DC20053E7D2 /* Products */ = {
			isa = PBXGroup;
			children = (
				08CF20B42B673DC20053E7D2 /* SpotifyWrapper.app */,
			);
			name = Products;
			sourceTree = "<group>";
		};
		08CF20B62B673DC20053E7D2 /* SpotifyWrapper */ = {
			isa = PBXGroup;
			children = (
				080861232B6758F400EB6EB7 /* Views */,
				080861222B6758DF00EB6EB7 /* Models */,
				080861212B6753B200EB6EB7 /* Info.plist */,
				08CF20B72B673DC20053E7D2 /* SpotifyWrapperApp.swift */,
				08CF20BB2B673DC30053E7D2 /* Assets.xcassets */,
				08CF20BD2B673DC30053E7D2 /* Preview Content */,
			);
			path = SpotifyWrapper;
			sourceTree = "<group>";
		};
		08CF20BD2B673DC30053E7D2 /* Preview Content */ = {
			isa = PBXGroup;
			children = (
				08CF20BE2B673DC30053E7D2 /* Preview Assets.xcassets */,
			);
			path = "Preview Content";
			sourceTree = "<group>";
		};
/* End PBXGroup section */

/* Begin PBXNativeTarget section */
		08CF20B32B673DC20053E7D2 /* SpotifyWrapper */ = {
			isa = PBXNativeTarget;
			buildConfigurationList = 08CF20C22B673DC30053E7D2 /* Build configuration list for PBXNativeTarget "SpotifyWrapper" */;
			buildPhases = (
				08CF20B02B673DC20053E7D2 /* Sources */,
				08CF20B12B673DC20053E7D2 /* Frameworks */,
				08CF20B22B673DC20053E7D2 /* Resources */,
			);
			buildRules = (
			);
			dependencies = (
			);
			name = SpotifyWrapper;
			packageProductDependencies = (
				08CF20C62B673E160053E7D2 /* SpotifyAPI */,
				08CF20D32B673FA20053E7D2 /* KeychainAccess */,
			);
			productName = SpotifyWrapper;
			productReference = 08CF20B42B673DC20053E7D2 /* SpotifyWrapper.app */;
			productType = "com.apple.product-type.application";
		};
/* End PBXNativeTarget section */

/* Begin PBXProject section */
		08CF20AC2B673DC20053E7D2 /* Project object */ = {
			isa = PBXProject;
			attributes = {
				BuildIndependentTargetsInParallel = 1;
				LastSwiftUpdateCheck = 1430;
				LastUpgradeCheck = 1430;
				TargetAttributes = {
					08CF20B32B673DC20053E7D2 = {
						CreatedOnToolsVersion = 14.3;
					};
				};
			};
			buildConfigurationList = 08CF20AF2B673DC20053E7D2 /* Build configuration list for PBXProject "SpotifyWrapper" */;
			compatibilityVersion = "Xcode 14.0";
			developmentRegion = en;
			hasScannedForEncodings = 0;
			knownRegions = (
				en,
				Base,
			);
			mainGroup = 08CF20AB2B673DC20053E7D2;
			packageReferences = (
				08CF20C52B673E160053E7D2 /* XCRemoteSwiftPackageReference "SpotifyAPI" */,
				08CF20D22B673FA20053E7D2 /* XCRemoteSwiftPackageReference "KeychainAccess" */,
			);
			productRefGroup = 08CF20B52B673DC20053E7D2 /* Products */;
			projectDirPath = "";
			projectRoot = "";
			targets = (
				08CF20B32B673DC20053E7D2 /* SpotifyWrapper */,
			);
		};
/* End PBXProject section */

/* Begin PBXResourcesBuildPhase section */
		08CF20B22B673DC20053E7D2 /* Resources */ = {
			isa = PBXResourcesBuildPhase;
			buildActionMask = 2147483647;
			files = (
				08CF20BF2B673DC30053E7D2 /* Preview Assets.xcassets in Resources */,
				08CF20BC2B673DC30053E7D2 /* Assets.xcassets in Resources */,
			);
			runOnlyForDeploymentPostprocessing = 0;
		};
/* End PBXResourcesBuildPhase section */

/* Begin PBXSourcesBuildPhase section */
		08CF20B02B673DC20053E7D2 /* Sources */ = {
			isa = PBXSourcesBuildPhase;
			buildActionMask = 2147483647;
			files = (
				08CF20CF2B673F340053E7D2 /* RootView.swift in Sources */,
				08CF20CE2B673F340053E7D2 /* LoginView.swift in Sources */,
				08CF20CD2B673F340053E7D2 /* Spotify.swift in Sources */,
				08CF20D12B673F390053E7D2 /* AlertItem.swift in Sources */,
				08CF20B82B673DC20053E7D2 /* SpotifyWrapperApp.swift in Sources */,
				080861252B677BBC00EB6EB7 /* TrackCard.swift in Sources */,
			);
			runOnlyForDeploymentPostprocessing = 0;
		};
/* End PBXSourcesBuildPhase section */

/* Begin XCBuildConfiguration section */
		08CF20C02B673DC30053E7D2 /* Debug */ = {
			isa = XCBuildConfiguration;
			buildSettings = {
				ALWAYS_SEARCH_USER_PATHS = NO;
				CLANG_ANALYZER_NONNULL = YES;
				CLANG_ANALYZER_NUMBER_OBJECT_CONVERSION = YES_AGGRESSIVE;
				CLANG_CXX_LANGUAGE_STANDARD = "gnu++20";
				CLANG_ENABLE_MODULES = YES;
				CLANG_ENABLE_OBJC_ARC = YES;
				CLANG_ENABLE_OBJC_WEAK = YES;
				CLANG_WARN_BLOCK_CAPTURE_AUTORELEASING = YES;
				CLANG_WARN_BOOL_CONVERSION = YES;
				CLANG_WARN_COMMA = YES;
				CLANG_WARN_CONSTANT_CONVERSION = YES;
				CLANG_WARN_DEPRECATED_OBJC_IMPLEMENTATIONS = YES;
				CLANG_WARN_DIRECT_OBJC_ISA_USAGE = YES_ERROR;
				CLANG_WARN_DOCUMENTATION_COMMENTS = YES;
				CLANG_WARN_EMPTY_BODY = YES;
				CLANG_WARN_ENUM_CONVERSION = YES;
				CLANG_WARN_INFINITE_RECURSION = YES;
				CLANG_WARN_INT_CONVERSION = YES;
				CLANG_WARN_NON_LITERAL_NULL_CONVERSION = YES;
				CLANG_WARN_OBJC_IMPLICIT_RETAIN_SELF = YES;
				CLANG_WARN_OBJC_LITERAL_CONVERSION = YES;
				CLANG_WARN_OBJC_ROOT_CLASS = YES_ERROR;
				CLANG_WARN_QUOTED_INCLUDE_IN_FRAMEWORK_HEADER = YES;
				CLANG_WARN_RANGE_LOOP_ANALYSIS = YES;
				CLANG_WARN_STRICT_PROTOTYPES = YES;
				CLANG_WARN_SUSPICIOUS_MOVE = YES;
				CLANG_WARN_UNGUARDED_AVAILABILITY = YES_AGGRESSIVE;
				CLANG_WARN_UNREACHABLE_CODE = YES;
				CLANG_WARN__DUPLICATE_METHOD_MATCH = YES;
				COPY_PHASE_STRIP = NO;
				DEBUG_INFORMATION_FORMAT = dwarf;
				ENABLE_STRICT_OBJC_MSGSEND = YES;
				ENABLE_TESTABILITY = YES;
				GCC_C_LANGUAGE_STANDARD = gnu11;
				GCC_DYNAMIC_NO_PIC = NO;
				GCC_NO_COMMON_BLOCKS = YES;
				GCC_OPTIMIZATION_LEVEL = 0;
				GCC_PREPROCESSOR_DEFINITIONS = (
					"DEBUG=1",
					"$(inherited)",
				);
				GCC_WARN_64_TO_32_BIT_CONVERSION = YES;
				GCC_WARN_ABOUT_RETURN_TYPE = YES_ERROR;
				GCC_WARN_UNDECLARED_SELECTOR = YES;
				GCC_WARN_UNINITIALIZED_AUTOS = YES_AGGRESSIVE;
				GCC_WARN_UNUSED_FUNCTION = YES;
				GCC_WARN_UNUSED_VARIABLE = YES;
				IPHONEOS_DEPLOYMENT_TARGET = 16.4;
				MTL_ENABLE_DEBUG_INFO = INCLUDE_SOURCE;
				MTL_FAST_MATH = YES;
				ONLY_ACTIVE_ARCH = YES;
				SDKROOT = iphoneos;
				SWIFT_ACTIVE_COMPILATION_CONDITIONS = DEBUG;
				SWIFT_OPTIMIZATION_LEVEL = "-Onone";
			};
			name = Debug;
		};
		08CF20C12B673DC30053E7D2 /* Release */ = {
			isa = XCBuildConfiguration;
			buildSettings = {
				ALWAYS_SEARCH_USER_PATHS = NO;
				CLANG_ANALYZER_NONNULL = YES;
				CLANG_ANALYZER_NUMBER_OBJECT_CONVERSION = YES_AGGRESSIVE;
				CLANG_CXX_LANGUAGE_STANDARD = "gnu++20";
				CLANG_ENABLE_MODULES = YES;
				CLANG_ENABLE_OBJC_ARC = YES;
				CLANG_ENABLE_OBJC_WEAK = YES;
				CLANG_WARN_BLOCK_CAPTURE_AUTORELEASING = YES;
				CLANG_WARN_BOOL_CONVERSION = YES;
				CLANG_WARN_COMMA = YES;
				CLANG_WARN_CONSTANT_CONVERSION = YES;
				CLANG_WARN_DEPRECATED_OBJC_IMPLEMENTATIONS = YES;
				CLANG_WARN_DIRECT_OBJC_ISA_USAGE = YES_ERROR;
				CLANG_WARN_DOCUMENTATION_COMMENTS = YES;
				CLANG_WARN_EMPTY_BODY = YES;
				CLANG_WARN_ENUM_CONVERSION = YES;
				CLANG_WARN_INFINITE_RECURSION = YES;
				CLANG_WARN_INT_CONVERSION = YES;
				CLANG_WARN_NON_LITERAL_NULL_CONVERSION = YES;
				CLANG_WARN_OBJC_IMPLICIT_RETAIN_SELF = YES;
				CLANG_WARN_OBJC_LITERAL_CONVERSION = YES;
				CLANG_WARN_OBJC_ROOT_CLASS = YES_ERROR;
				CLANG_WARN_QUOTED_INCLUDE_IN_FRAMEWORK_HEADER = YES;
				CLANG_WARN_RANGE_LOOP_ANALYSIS = YES;
				CLANG_WARN_STRICT_PROTOTYPES = YES;
				CLANG_WARN_SUSPICIOUS_MOVE = YES;
				CLANG_WARN_UNGUARDED_AVAILABILITY = YES_AGGRESSIVE;
				CLANG_WARN_UNREACHABLE_CODE = YES;
				CLANG_WARN__DUPLICATE_METHOD_MATCH = YES;
				COPY_PHASE_STRIP = NO;
				DEBUG_INFORMATION_FORMAT = "dwarf-with-dsym";
				ENABLE_NS_ASSERTIONS = NO;
				ENABLE_STRICT_OBJC_MSGSEND = YES;
				GCC_C_LANGUAGE_STANDARD = gnu11;
				GCC_NO_COMMON_BLOCKS = YES;
				GCC_WARN_64_TO_32_BIT_CONVERSION = YES;
				GCC_WARN_ABOUT_RETURN_TYPE = YES_ERROR;
				GCC_WARN_UNDECLARED_SELECTOR = YES;
				GCC_WARN_UNINITIALIZED_AUTOS = YES_AGGRESSIVE;
				GCC_WARN_UNUSED_FUNCTION = YES;
				GCC_WARN_UNUSED_VARIABLE = YES;
				IPHONEOS_DEPLOYMENT_TARGET = 16.4;
				MTL_ENABLE_DEBUG_INFO = NO;
				MTL_FAST_MATH = YES;
				SDKROOT = iphoneos;
				SWIFT_COMPILATION_MODE = wholemodule;
				SWIFT_OPTIMIZATION_LEVEL = "-O";
				VALIDATE_PRODUCT = YES;
			};
			name = Release;
		};
		08CF20C32B673DC30053E7D2 /* Debug */ = {
			isa = XCBuildConfiguration;
			buildSettings = {
				ASSETCATALOG_COMPILER_APPICON_NAME = AppIcon;
				ASSETCATALOG_COMPILER_GLOBAL_ACCENT_COLOR_NAME = AccentColor;
				CODE_SIGN_STYLE = Automatic;
				CURRENT_PROJECT_VERSION = 1;
				DEVELOPMENT_ASSET_PATHS = "\"SpotifyWrapper/Preview Content\"";
				ENABLE_PREVIEWS = YES;
				GENERATE_INFOPLIST_FILE = YES;
				INFOPLIST_FILE = SpotifyWrapper/Info.plist;
				INFOPLIST_KEY_UIApplicationSceneManifest_Generation = YES;
				INFOPLIST_KEY_UIApplicationSupportsIndirectInputEvents = YES;
				INFOPLIST_KEY_UILaunchScreen_Generation = YES;
				INFOPLIST_KEY_UISupportedInterfaceOrientations_iPad = "UIInterfaceOrientationPortrait UIInterfaceOrientationPortraitUpsideDown UIInterfaceOrientationLandscapeLeft UIInterfaceOrientationLandscapeRight";
				INFOPLIST_KEY_UISupportedInterfaceOrientations_iPhone = "UIInterfaceOrientationPortrait UIInterfaceOrientationLandscapeLeft UIInterfaceOrientationLandscapeRight";
				LD_RUNPATH_SEARCH_PATHS = (
					"$(inherited)",
					"@executable_path/Frameworks",
				);
				MARKETING_VERSION = 1.0;
				OTHER_SWIFT_FLAGS = "";
				PRODUCT_BUNDLE_IDENTIFIER = com.leahdev.SpotifyWrapper;
				PRODUCT_NAME = "$(TARGET_NAME)";
				SWIFT_EMIT_LOC_STRINGS = YES;
				SWIFT_VERSION = 5.0;
				TARGETED_DEVICE_FAMILY = "1,2";
			};
			name = Debug;
		};
		08CF20C42B673DC30053E7D2 /* Release */ = {
			isa = XCBuildConfiguration;
			buildSettings = {
				ASSETCATALOG_COMPILER_APPICON_NAME = AppIcon;
				ASSETCATALOG_COMPILER_GLOBAL_ACCENT_COLOR_NAME = AccentColor;
				CODE_SIGN_STYLE = Automatic;
				CURRENT_PROJECT_VERSION = 1;
				DEVELOPMENT_ASSET_PATHS = "\"SpotifyWrapper/Preview Content\"";
				ENABLE_PREVIEWS = YES;
				GENERATE_INFOPLIST_FILE = YES;
				INFOPLIST_FILE = SpotifyWrapper/Info.plist;
				INFOPLIST_KEY_UIApplicationSceneManifest_Generation = YES;
				INFOPLIST_KEY_UIApplicationSupportsIndirectInputEvents = YES;
				INFOPLIST_KEY_UILaunchScreen_Generation = YES;
				INFOPLIST_KEY_UISupportedInterfaceOrientations_iPad = "UIInterfaceOrientationPortrait UIInterfaceOrientationPortraitUpsideDown UIInterfaceOrientationLandscapeLeft UIInterfaceOrientationLandscapeRight";
				INFOPLIST_KEY_UISupportedInterfaceOrientations_iPhone = "UIInterfaceOrientationPortrait UIInterfaceOrientationLandscapeLeft UIInterfaceOrientationLandscapeRight";
				LD_RUNPATH_SEARCH_PATHS = (
					"$(inherited)",
					"@executable_path/Frameworks",
				);
				MARKETING_VERSION = 1.0;
				OTHER_SWIFT_FLAGS = "";
				PRODUCT_BUNDLE_IDENTIFIER = com.leahdev.SpotifyWrapper;
				PRODUCT_NAME = "$(TARGET_NAME)";
				SWIFT_EMIT_LOC_STRINGS = YES;
				SWIFT_VERSION = 5.0;
				TARGETED_DEVICE_FAMILY = "1,2";
			};
			name = Release;
		};
/* End XCBuildConfiguration section */

/* Begin XCConfigurationList section */
		08CF20AF2B673DC20053E7D2 /* Build configuration list for PBXProject "SpotifyWrapper" */ = {
			isa = XCConfigurationList;
			buildConfigurations = (
				08CF20C02B673DC30053E7D2 /* Debug */,
				08CF20C12B673DC30053E7D2 /* Release */,
			);
			defaultConfigurationIsVisible = 0;
			defaultConfigurationName = Release;
		};
		08CF20C22B673DC30053E7D2 /* Build configuration list for PBXNativeTarget "SpotifyWrapper" */ = {
			isa = XCConfigurationList;
			buildConfigurations = (
				08CF20C32B673DC30053E7D2 /* Debug */,
				08CF20C42B673DC30053E7D2 /* Release */,
			);
			defaultConfigurationIsVisible = 0;
			defaultConfigurationName = Release;
		};
/* End XCConfigurationList section */

/* Begin XCRemoteSwiftPackageReference section */
		08CF20C52B673E160053E7D2 /* XCRemoteSwiftPackageReference "SpotifyAPI" */ = {
			isa = XCRemoteSwiftPackageReference;
			repositoryURL = "https://github.com/Peter-Schorn/SpotifyAPI?tab=readme-ov-file#authorizing-with-the-client-credentials-flow";
			requirement = {
				kind = upToNextMajorVersion;
				minimumVersion = 2.0.0;
			};
		};
		08CF20D22B673FA20053E7D2 /* XCRemoteSwiftPackageReference "KeychainAccess" */ = {
			isa = XCRemoteSwiftPackageReference;
			repositoryURL = "https://github.com/kishikawakatsumi/KeychainAccess";
			requirement = {
				branch = master;
				kind = branch;
			};
		};
/* End XCRemoteSwiftPackageReference section */

/* Begin XCSwiftPackageProductDependency section */
		08CF20C62B673E160053E7D2 /* SpotifyAPI */ = {
			isa = XCSwiftPackageProductDependency;
			package = 08CF20C52B673E160053E7D2 /* XCRemoteSwiftPackageReference "SpotifyAPI" */;
			productName = SpotifyAPI;
		};
		08CF20D32B673FA20053E7D2 /* KeychainAccess */ = {
			isa = XCSwiftPackageProductDependency;
			package = 08CF20D22B673FA20053E7D2 /* XCRemoteSwiftPackageReference "KeychainAccess" */;
			productName = KeychainAccess;
		};
/* End XCSwiftPackageProductDependency section */
	};
	rootObject = 08CF20AC2B673DC20053E7D2 /* Project object */;
}
